// !$*UTF8*$!
{
	archiveVersion = 1;
	classes = {
	};
	objectVersion = 50;
	objects = {

/* Begin PBXBuildFile section */
		6F52D87F227D097200550345 /* Concentration.swift in Sources */ = {isa = PBXBuildFile; fileRef = 6F52D87E227D097200550345 /* Concentration.swift */; };
		6F52D881227D0A3100550345 /* Card.swift in Sources */ = {isa = PBXBuildFile; fileRef = 6F52D880227D0A3100550345 /* Card.swift */; };
		6F7EC762227B707500A1D66F /* AppDelegate.swift in Sources */ = {isa = PBXBuildFile; fileRef = 6F7EC761227B707500A1D66F /* AppDelegate.swift */; };
		6F7EC764227B707500A1D66F /* ViewController.swift in Sources */ = {isa = PBXBuildFile; fileRef = 6F7EC763227B707500A1D66F /* ViewController.swift */; };
		6F7EC767227B707500A1D66F /* Main.storyboard in Resources */ = {isa = PBXBuildFile; fileRef = 6F7EC765227B707500A1D66F /* Main.storyboard */; };
		6F7EC769227B707600A1D66F /* Assets.xcassets in Resources */ = {isa = PBXBuildFile; fileRef = 6F7EC768227B707600A1D66F /* Assets.xcassets */; };
		6F7EC76C227B707600A1D66F /* LaunchScreen.storyboard in Resources */ = {isa = PBXBuildFile; fileRef = 6F7EC76A227B707600A1D66F /* LaunchScreen.storyboard */; };
		6F7EC777227B707600A1D66F /* ConcentrationTests.swift in Sources */ = {isa = PBXBuildFile; fileRef = 6F7EC776227B707600A1D66F /* ConcentrationTests.swift */; };
		6F7EC782227B707600A1D66F /* ConcentrationUITests.swift in Sources */ = {isa = PBXBuildFile; fileRef = 6F7EC781227B707600A1D66F /* ConcentrationUITests.swift */; };
/* End PBXBuildFile section */

/* Begin PBXContainerItemProxy section */
		6F7EC773227B707600A1D66F /* PBXContainerItemProxy */ = {
			isa = PBXContainerItemProxy;
			containerPortal = 6F7EC756227B707500A1D66F /* Project object */;
			proxyType = 1;
			remoteGlobalIDString = 6F7EC75D227B707500A1D66F;
			remoteInfo = Concentration;
		};
		6F7EC77E227B707600A1D66F /* PBXContainerItemProxy */ = {
			isa = PBXContainerItemProxy;
			containerPortal = 6F7EC756227B707500A1D66F /* Project object */;
			proxyType = 1;
			remoteGlobalIDString = 6F7EC75D227B707500A1D66F;
			remoteInfo = Concentration;
		};
/* End PBXContainerItemProxy section */

/* Begin PBXFileReference section */
		6F52D87E227D097200550345 /* Concentration.swift */ = {isa = PBXFileReference; lastKnownFileType = sourcecode.swift; path = Concentration.swift; sourceTree = "<group>"; };
		6F52D880227D0A3100550345 /* Card.swift */ = {isa = PBXFileReference; lastKnownFileType = sourcecode.swift; path = Card.swift; sourceTree = "<group>"; };
		6F7EC75E227B707500A1D66F /* Concentration.app */ = {isa = PBXFileReference; explicitFileType = wrapper.application; includeInIndex = 0; path = Concentration.app; sourceTree = BUILT_PRODUCTS_DIR; };
		6F7EC761227B707500A1D66F /* AppDelegate.swift */ = {isa = PBXFileReference; lastKnownFileType = sourcecode.swift; path = AppDelegate.swift; sourceTree = "<group>"; };
		6F7EC763227B707500A1D66F /* ViewController.swift */ = {isa = PBXFileReference; lastKnownFileType = sourcecode.swift; path = ViewController.swift; sourceTree = "<group>"; };
		6F7EC766227B707500A1D66F /* Base */ = {isa = PBXFileReference; lastKnownFileType = file.storyboard; name = Base; path = Base.lproj/Main.storyboard; sourceTree = "<group>"; };
		6F7EC768227B707600A1D66F /* Assets.xcassets */ = {isa = PBXFileReference; lastKnownFileType = folder.assetcatalog; path = Assets.xcassets; sourceTree = "<group>"; };
		6F7EC76B227B707600A1D66F /* Base */ = {isa = PBXFileReference; lastKnownFileType = file.storyboard; name = Base; path = Base.lproj/LaunchScreen.storyboard; sourceTree = "<group>"; };
		6F7EC76D227B707600A1D66F /* Info.plist */ = {isa = PBXFileReference; lastKnownFileType = text.plist.xml; path = Info.plist; sourceTree = "<group>"; };
		6F7EC772227B707600A1D66F /* ConcentrationTests.xctest */ = {isa = PBXFileReference; explicitFileType = wrapper.cfbundle; includeInIndex = 0; path = ConcentrationTests.xctest; sourceTree = BUILT_PRODUCTS_DIR; };
		6F7EC776227B707600A1D66F /* ConcentrationTests.swift */ = {isa = PBXFileReference; lastKnownFileType = sourcecode.swift; path = ConcentrationTests.swift; sourceTree = "<group>"; };
		6F7EC778227B707600A1D66F /* Info.plist */ = {isa = PBXFileReference; lastKnownFileType = text.plist.xml; path = Info.plist; sourceTree = "<group>"; };
		6F7EC77D227B707600A1D66F /* ConcentrationUITests.xctest */ = {isa = PBXFileReference; explicitFileType = wrapper.cfbundle; includeInIndex = 0; path = ConcentrationUITests.xctest; sourceTree = BUILT_PRODUCTS_DIR; };
		6F7EC781227B707600A1D66F /* ConcentrationUITests.swift */ = {isa = PBXFileReference; lastKnownFileType = sourcecode.swift; path = ConcentrationUITests.swift; sourceTree = "<group>"; };
		6F7EC783227B707600A1D66F /* Info.plist */ = {isa = PBXFileReference; lastKnownFileType = text.plist.xml; path = Info.plist; sourceTree = "<group>"; };
/* End PBXFileReference section */

/* Begin PBXFrameworksBuildPhase section */
		6F7EC75B227B707500A1D66F /* Frameworks */ = {
			isa = PBXFrameworksBuildPhase;
			buildActionMask = 2147483647;
			files = (
			);
			runOnlyForDeploymentPostprocessing = 0;
		};
		6F7EC76F227B707600A1D66F /* Frameworks */ = {
			isa = PBXFrameworksBuildPhase;
			buildActionMask = 2147483647;
			files = (
			);
			runOnlyForDeploymentPostprocessing = 0;
		};
		6F7EC77A227B707600A1D66F /* Frameworks */ = {
			isa = PBXFrameworksBuildPhase;
			buildActionMask = 2147483647;
			files = (
			);
			runOnlyForDeploymentPostprocessing = 0;
		};
/* End PBXFrameworksBuildPhase section */

/* Begin PBXGroup section */
		6F7EC755227B707500A1D66F = {
			isa = PBXGroup;
			children = (
				6F7EC760227B707500A1D66F /* Concentration */,
				6F7EC775227B707600A1D66F /* ConcentrationTests */,
				6F7EC780227B707600A1D66F /* ConcentrationUITests */,
				6F7EC75F227B707500A1D66F /* Products */,
			);
			sourceTree = "<group>";
		};
		6F7EC75F227B707500A1D66F /* Products */ = {
			isa = PBXGroup;
			children = (
				6F7EC75E227B707500A1D66F /* Concentration.app */,
				6F7EC772227B707600A1D66F /* ConcentrationTests.xctest */,
				6F7EC77D227B707600A1D66F /* ConcentrationUITests.xctest */,
			);
			name = Products;
			sourceTree = "<group>";
		};
		6F7EC760227B707500A1D66F /* Concentration */ = {
			isa = PBXGroup;
			children = (
				6F52D87E227D097200550345 /* Concentration.swift */,
				6F52D880227D0A3100550345 /* Card.swift */,
				6F7EC763227B707500A1D66F /* ViewController.swift */,
				6F7EC765227B707500A1D66F /* Main.storyboard */,
				6F7EC76D227B707600A1D66F /* Info.plist */,
				6F7EC78F227B718700A1D66F /* Supporting Files */,
			);
			path = Concentration;
			sourceTree = "<group>";
		};
		6F7EC775227B707600A1D66F /* ConcentrationTests */ = {
			isa = PBXGroup;
			children = (
				6F7EC776227B707600A1D66F /* ConcentrationTests.swift */,
				6F7EC778227B707600A1D66F /* Info.plist */,
			);
			path = ConcentrationTests;
			sourceTree = "<group>";
		};
		6F7EC780227B707600A1D66F /* ConcentrationUITests */ = {
			isa = PBXGroup;
			children = (
				6F7EC781227B707600A1D66F /* ConcentrationUITests.swift */,
				6F7EC783227B707600A1D66F /* Info.plist */,
			);
			path = ConcentrationUITests;
			sourceTree = "<group>";
		};
		6F7EC78F227B718700A1D66F /* Supporting Files */ = {
			isa = PBXGroup;
			children = (
				6F7EC761227B707500A1D66F /* AppDelegate.swift */,
				6F7EC768227B707600A1D66F /* Assets.xcassets */,
				6F7EC76A227B707600A1D66F /* LaunchScreen.storyboard */,
			);
			path = "Supporting Files";
			sourceTree = "<group>";
		};
/* End PBXGroup section */

/* Begin PBXNativeTarget section */
		6F7EC75D227B707500A1D66F /* Concentration */ = {
			isa = PBXNativeTarget;
			buildConfigurationList = 6F7EC786227B707600A1D66F /* Build configuration list for PBXNativeTarget "Concentration" */;
			buildPhases = (
				6F7EC75A227B707500A1D66F /* Sources */,
				6F7EC75B227B707500A1D66F /* Frameworks */,
				6F7EC75C227B707500A1D66F /* Resources */,
			);
			buildRules = (
			);
			dependencies = (
			);
			name = Concentration;
			productName = Concentration;
			productReference = 6F7EC75E227B707500A1D66F /* Concentration.app */;
			productType = "com.apple.product-type.application";
		};
		6F7EC771227B707600A1D66F /* ConcentrationTests */ = {
			isa = PBXNativeTarget;
			buildConfigurationList = 6F7EC789227B707600A1D66F /* Build configuration list for PBXNativeTarget "ConcentrationTests" */;
			buildPhases = (
				6F7EC76E227B707600A1D66F /* Sources */,
				6F7EC76F227B707600A1D66F /* Frameworks */,
				6F7EC770227B707600A1D66F /* Resources */,
			);
			buildRules = (
			);
			dependencies = (
				6F7EC774227B707600A1D66F /* PBXTargetDependency */,
			);
			name = ConcentrationTests;
			productName = ConcentrationTests;
			productReference = 6F7EC772227B707600A1D66F /* ConcentrationTests.xctest */;
			productType = "com.apple.product-type.bundle.unit-test";
		};
		6F7EC77C227B707600A1D66F /* ConcentrationUITests */ = {
			isa = PBXNativeTarget;
			buildConfigurationList = 6F7EC78C227B707600A1D66F /* Build configuration list for PBXNativeTarget "ConcentrationUITests" */;
			buildPhases = (
				6F7EC779227B707600A1D66F /* Sources */,
				6F7EC77A227B707600A1D66F /* Frameworks */,
				6F7EC77B227B707600A1D66F /* Resources */,
			);
			buildRules = (
			);
			dependencies = (
				6F7EC77F227B707600A1D66F /* PBXTargetDependency */,
			);
			name = ConcentrationUITests;
			productName = ConcentrationUITests;
			productReference = 6F7EC77D227B707600A1D66F /* ConcentrationUITests.xctest */;
			productType = "com.apple.product-type.bundle.ui-testing";
		};
/* End PBXNativeTarget section */

/* Begin PBXProject section */
		6F7EC756227B707500A1D66F /* Project object */ = {
			isa = PBXProject;
			attributes = {
				LastSwiftUpdateCheck = 1020;
				LastUpgradeCheck = 1020;
				ORGANIZATIONNAME = Clay;
				TargetAttributes = {
					6F7EC75D227B707500A1D66F = {
						CreatedOnToolsVersion = 10.2.1;
					};
					6F7EC771227B707600A1D66F = {
						CreatedOnToolsVersion = 10.2.1;
						TestTargetID = 6F7EC75D227B707500A1D66F;
					};
					6F7EC77C227B707600A1D66F = {
						CreatedOnToolsVersion = 10.2.1;
						TestTargetID = 6F7EC75D227B707500A1D66F;
					};
				};
			};
			buildConfigurationList = 6F7EC759227B707500A1D66F /* Build configuration list for PBXProject "Concentration" */;
			compatibilityVersion = "Xcode 9.3";
			developmentRegion = en;
			hasScannedForEncodings = 0;
			knownRegions = (
				en,
				Base,
			);
			mainGroup = 6F7EC755227B707500A1D66F;
			productRefGroup = 6F7EC75F227B707500A1D66F /* Products */;
			projectDirPath = "";
			projectRoot = "";
			targets = (
				6F7EC75D227B707500A1D66F /* Concentration */,
				6F7EC771227B707600A1D66F /* ConcentrationTests */,
				6F7EC77C227B707600A1D66F /* ConcentrationUITests */,
			);
		};
/* End PBXProject section */

/* Begin PBXResourcesBuildPhase section */
		6F7EC75C227B707500A1D66F /* Resources */ = {
			isa = PBXResourcesBuildPhase;
			buildActionMask = 2147483647;
			files = (
				6F7EC76C227B707600A1D66F /* LaunchScreen.storyboard in Resources */,
				6F7EC769227B707600A1D66F /* Assets.xcassets in Resources */,
				6F7EC767227B707500A1D66F /* Main.storyboard in Resources */,
			);
			runOnlyForDeploymentPostprocessing = 0;
		};
		6F7EC770227B707600A1D66F /* Resources */ = {
			isa = PBXResourcesBuildPhase;
			buildActionMask = 2147483647;
			files = (
			);
			runOnlyForDeploymentPostprocessing = 0;
		};
		6F7EC77B227B707600A1D66F /* Resources */ = {
			isa = PBXResourcesBuildPhase;
			buildActionMask = 2147483647;
			files = (
			);
			runOnlyForDeploymentPostprocessing = 0;
		};
/* End PBXResourcesBuildPhase section */

/* Begin PBXSourcesBuildPhase section */
		6F7EC75A227B707500A1D66F /* Sources */ = {
			isa = PBXSourcesBuildPhase;
			buildActionMask = 2147483647;
			files = (
				6F7EC764227B707500A1D66F /* ViewController.swift in Sources */,
				6F7EC762227B707500A1D66F /* AppDelegate.swift in Sources */,
				6F52D87F227D097200550345 /* Concentration.swift in Sources */,
				6F52D881227D0A3100550345 /* Card.swift in Sources */,
			);
			runOnlyForDeploymentPostprocessing = 0;
		};
		6F7EC76E227B707600A1D66F /* Sources */ = {
			isa = PBXSourcesBuildPhase;
			buildActionMask = 2147483647;
			files = (
				6F7EC777227B707600A1D66F /* ConcentrationTests.swift in Sources */,
			);
			runOnlyForDeploymentPostprocessing = 0;
		};
		6F7EC779227B707600A1D66F /* Sources */ = {
			isa = PBXSourcesBuildPhase;
			buildActionMask = 2147483647;
			files = (
				6F7EC782227B707600A1D66F /* ConcentrationUITests.swift in Sources */,
			);
			runOnlyForDeploymentPostprocessing = 0;
		};
/* End PBXSourcesBuildPhase section */

/* Begin PBXTargetDependency section */
		6F7EC774227B707600A1D66F /* PBXTargetDependency */ = {
			isa = PBXTargetDependency;
			target = 6F7EC75D227B707500A1D66F /* Concentration */;
			targetProxy = 6F7EC773227B707600A1D66F /* PBXContainerItemProxy */;
		};
		6F7EC77F227B707600A1D66F /* PBXTargetDependency */ = {
			isa = PBXTargetDependency;
			target = 6F7EC75D227B707500A1D66F /* Concentration */;
			targetProxy = 6F7EC77E227B707600A1D66F /* PBXContainerItemProxy */;
		};
/* End PBXTargetDependency section */

/* Begin PBXVariantGroup section */
		6F7EC765227B707500A1D66F /* Main.storyboard */ = {
			isa = PBXVariantGroup;
			children = (
				6F7EC766227B707500A1D66F /* Base */,
			);
			name = Main.storyboard;
			sourceTree = "<group>";
		};
		6F7EC76A227B707600A1D66F /* LaunchScreen.storyboard */ = {
			isa = PBXVariantGroup;
			children = (
				6F7EC76B227B707600A1D66F /* Base */,
			);
			name = LaunchScreen.storyboard;
			sourceTree = "<group>";
		};
/* End PBXVariantGroup section */

/* Begin XCBuildConfiguration section */
		6F7EC784227B707600A1D66F /* Debug */ = {
			isa = XCBuildConfiguration;
			buildSettings = {
				ALWAYS_SEARCH_USER_PATHS = NO;
				CLANG_ANALYZER_NONNULL = YES;
				CLANG_ANALYZER_NUMBER_OBJECT_CONVERSION = YES_AGGRESSIVE;
				CLANG_CXX_LANGUAGE_STANDARD = "gnu++14";
				CLANG_CXX_LIBRARY = "libc++";
				CLANG_ENABLE_MODULES = YES;
				CLANG_ENABLE_OBJC_ARC = YES;
				CLANG_ENABLE_OBJC_WEAK = YES;
				CLANG_WARN_BLOCK_CAPTURE_AUTORELEASING = YES;
				CLANG_WARN_BOOL_CONVERSION = YES;
				CLANG_WARN_COMMA = YES;
				CLANG_WARN_CONSTANT_CONVERSION = YES;
				CLANG_WARN_DEPRECATED_OBJC_IMPLEMENTATIONS = YES;
				CLANG_WARN_DIRECT_OBJC_ISA_USAGE = YES_ERROR;
				CLANG_WARN_DOCUMENTATION_COMMENTS = YES;
				CLANG_WARN_EMPTY_BODY = YES;
				CLANG_WARN_ENUM_CONVERSION = YES;
				CLANG_WARN_INFINITE_RECURSION = YES;
				CLANG_WARN_INT_CONVERSION = YES;
				CLANG_WARN_NON_LITERAL_NULL_CONVERSION = YES;
				CLANG_WARN_OBJC_IMPLICIT_RETAIN_SELF = YES;
				CLANG_WARN_OBJC_LITERAL_CONVERSION = YES;
				CLANG_WARN_OBJC_ROOT_CLASS = YES_ERROR;
				CLANG_WARN_RANGE_LOOP_ANALYSIS = YES;
				CLANG_WARN_STRICT_PROTOTYPES = YES;
				CLANG_WARN_SUSPICIOUS_MOVE = YES;
				CLANG_WARN_UNGUARDED_AVAILABILITY = YES_AGGRESSIVE;
				CLANG_WARN_UNREACHABLE_CODE = YES;
				CLANG_WARN__DUPLICATE_METHOD_MATCH = YES;
				CODE_SIGN_IDENTITY = "iPhone Developer";
				COPY_PHASE_STRIP = NO;
				DEBUG_INFORMATION_FORMAT = dwarf;
				ENABLE_STRICT_OBJC_MSGSEND = YES;
				ENABLE_TESTABILITY = YES;
				GCC_C_LANGUAGE_STANDARD = gnu11;
				GCC_DYNAMIC_NO_PIC = NO;
				GCC_NO_COMMON_BLOCKS = YES;
				GCC_OPTIMIZATION_LEVEL = 0;
				GCC_PREPROCESSOR_DEFINITIONS = (
					"DEBUG=1",
					"$(inherited)",
				);
				GCC_WARN_64_TO_32_BIT_CONVERSION = YES;
				GCC_WARN_ABOUT_RETURN_TYPE = YES_ERROR;
				GCC_WARN_UNDECLARED_SELECTOR = YES;
				GCC_WARN_UNINITIALIZED_AUTOS = YES_AGGRESSIVE;
				GCC_WARN_UNUSED_FUNCTION = YES;
				GCC_WARN_UNUSED_VARIABLE = YES;
				IPHONEOS_DEPLOYMENT_TARGET = 12.2;
				MTL_ENABLE_DEBUG_INFO = INCLUDE_SOURCE;
				MTL_FAST_MATH = YES;
				ONLY_ACTIVE_ARCH = YES;
				SDKROOT = iphoneos;
				SWIFT_ACTIVE_COMPILATION_CONDITIONS = DEBUG;
				SWIFT_OPTIMIZATION_LEVEL = "-Onone";
			};
			name = Debug;
		};
		6F7EC785227B707600A1D66F /* Release */ = {
			isa = XCBuildConfiguration;
			buildSettings = {
				ALWAYS_SEARCH_USER_PATHS = NO;
				CLANG_ANALYZER_NONNULL = YES;
				CLANG_ANALYZER_NUMBER_OBJECT_CONVERSION = YES_AGGRESSIVE;
				CLANG_CXX_LANGUAGE_STANDARD = "gnu++14";
				CLANG_CXX_LIBRARY = "libc++";
				CLANG_ENABLE_MODULES = YES;
				CLANG_ENABLE_OBJC_ARC = YES;
				CLANG_ENABLE_OBJC_WEAK = YES;
				CLANG_WARN_BLOCK_CAPTURE_AUTORELEASING = YES;
				CLANG_WARN_BOOL_CONVERSION = YES;
				CLANG_WARN_COMMA = YES;
				CLANG_WARN_CONSTANT_CONVERSION = YES;
				CLANG_WARN_DEPRECATED_OBJC_IMPLEMENTATIONS = YES;
				CLANG_WARN_DIRECT_OBJC_ISA_USAGE = YES_ERROR;
				CLANG_WARN_DOCUMENTATION_COMMENTS = YES;
				CLANG_WARN_EMPTY_BODY = YES;
				CLANG_WARN_ENUM_CONVERSION = YES;
				CLANG_WARN_INFINITE_RECURSION = YES;
				CLANG_WARN_INT_CONVERSION = YES;
				CLANG_WARN_NON_LITERAL_NULL_CONVERSION = YES;
				CLANG_WARN_OBJC_IMPLICIT_RETAIN_SELF = YES;
				CLANG_WARN_OBJC_LITERAL_CONVERSION = YES;
				CLANG_WARN_OBJC_ROOT_CLASS = YES_ERROR;
				CLANG_WARN_RANGE_LOOP_ANALYSIS = YES;
				CLANG_WARN_STRICT_PROTOTYPES = YES;
				CLANG_WARN_SUSPICIOUS_MOVE = YES;
				CLANG_WARN_UNGUARDED_AVAILABILITY = YES_AGGRESSIVE;
				CLANG_WARN_UNREACHABLE_CODE = YES;
				CLANG_WARN__DUPLICATE_METHOD_MATCH = YES;
				CODE_SIGN_IDENTITY = "iPhone Developer";
				COPY_PHASE_STRIP = NO;
				DEBUG_INFORMATION_FORMAT = "dwarf-with-dsym";
				ENABLE_NS_ASSERTIONS = NO;
				ENABLE_STRICT_OBJC_MSGSEND = YES;
				GCC_C_LANGUAGE_STANDARD = gnu11;
				GCC_NO_COMMON_BLOCKS = YES;
				GCC_WARN_64_TO_32_BIT_CONVERSION = YES;
				GCC_WARN_ABOUT_RETURN_TYPE = YES_ERROR;
				GCC_WARN_UNDECLARED_SELECTOR = YES;
				GCC_WARN_UNINITIALIZED_AUTOS = YES_AGGRESSIVE;
				GCC_WARN_UNUSED_FUNCTION = YES;
				GCC_WARN_UNUSED_VARIABLE = YES;
				IPHONEOS_DEPLOYMENT_TARGET = 12.2;
				MTL_ENABLE_DEBUG_INFO = NO;
				MTL_FAST_MATH = YES;
				SDKROOT = iphoneos;
				SWIFT_COMPILATION_MODE = wholemodule;
				SWIFT_OPTIMIZATION_LEVEL = "-O";
				VALIDATE_PRODUCT = YES;
			};
			name = Release;
		};
		6F7EC787227B707600A1D66F /* Debug */ = {
			isa = XCBuildConfiguration;
			buildSettings = {
				ASSETCATALOG_COMPILER_APPICON_NAME = AppIcon;
				CODE_SIGN_STYLE = Automatic;
				DEVELOPMENT_TEAM = 5T9B7NGEXH;
				INFOPLIST_FILE = Concentration/Info.plist;
				LD_RUNPATH_SEARCH_PATHS = (
					"$(inherited)",
					"@executable_path/Frameworks",
				);
				PRODUCT_BUNDLE_IDENTIFIER = com.clayton.Concentration;
				PRODUCT_NAME = "$(TARGET_NAME)";
				SWIFT_VERSION = 5.0;
				TARGETED_DEVICE_FAMILY = "1,2";
			};
			name = Debug;
		};
		6F7EC788227B707600A1D66F /* Release */ = {
			isa = XCBuildConfiguration;
			buildSettings = {
				ASSETCATALOG_COMPILER_APPICON_NAME = AppIcon;
				CODE_SIGN_STYLE = Automatic;
				DEVELOPMENT_TEAM = 5T9B7NGEXH;
				INFOPLIST_FILE = Concentration/Info.plist;
				LD_RUNPATH_SEARCH_PATHS = (
					"$(inherited)",
					"@executable_path/Frameworks",
				);
				PRODUCT_BUNDLE_IDENTIFIER = com.clayton.Concentration;
				PRODUCT_NAME = "$(TARGET_NAME)";
				SWIFT_VERSION = 5.0;
				TARGETED_DEVICE_FAMILY = "1,2";
			};
			name = Release;
		};
		6F7EC78A227B707600A1D66F /* Debug */ = {
			isa = XCBuildConfiguration;
			buildSettings = {
				ALWAYS_EMBED_SWIFT_STANDARD_LIBRARIES = YES;
				BUNDLE_LOADER = "$(TEST_HOST)";
				CODE_SIGN_STYLE = Automatic;
				DEVELOPMENT_TEAM = 5T9B7NGEXH;
				INFOPLIST_FILE = ConcentrationTests/Info.plist;
				LD_RUNPATH_SEARCH_PATHS = (
					"$(inherited)",
					"@executable_path/Frameworks",
					"@loader_path/Frameworks",
				);
				PRODUCT_BUNDLE_IDENTIFIER = com.clayton.ConcentrationTests;
				PRODUCT_NAME = "$(TARGET_NAME)";
				SWIFT_VERSION = 5.0;
				TARGETED_DEVICE_FAMILY = "1,2";
				TEST_HOST = "$(BUILT_PRODUCTS_DIR)/Concentration.app/Concentration";
			};
			name = Debug;
		};
		6F7EC78B227B707600A1D66F /* Release */ = {
			isa = XCBuildConfiguration;
			buildSettings = {
				ALWAYS_EMBED_SWIFT_STANDARD_LIBRARIES = YES;
				BUNDLE_LOADER = "$(TEST_HOST)";
				CODE_SIGN_STYLE = Automatic;
				DEVELOPMENT_TEAM = 5T9B7NGEXH;
				INFOPLIST_FILE = ConcentrationTests/Info.plist;
				LD_RUNPATH_SEARCH_PATHS = (
					"$(inherited)",
					"@executable_path/Frameworks",
					"@loader_path/Frameworks",
				);
				PRODUCT_BUNDLE_IDENTIFIER = com.clayton.ConcentrationTests;
				PRODUCT_NAME = "$(TARGET_NAME)";
				SWIFT_VERSION = 5.0;
				TARGETED_DEVICE_FAMILY = "1,2";
				TEST_HOST = "$(BUILT_PRODUCTS_DIR)/Concentration.app/Concentration";
			};
			name = Release;
		};
		6F7EC78D227B707600A1D66F /* Debug */ = {
			isa = XCBuildConfiguration;
			buildSettings = {
				ALWAYS_EMBED_SWIFT_STANDARD_LIBRARIES = YES;
				CODE_SIGN_STYLE = Automatic;
				DEVELOPMENT_TEAM = 5T9B7NGEXH;
				INFOPLIST_FILE = ConcentrationUITests/Info.plist;
				LD_RUNPATH_SEARCH_PATHS = (
					"$(inherited)",
					"@executable_path/Frameworks",
					"@loader_path/Frameworks",
				);
				PRODUCT_BUNDLE_IDENTIFIER = com.clayton.ConcentrationUITests;
				PRODUCT_NAME = "$(TARGET_NAME)";
				SWIFT_VERSION = 5.0;
				TARGETED_DEVICE_FAMILY = "1,2";
				TEST_TARGET_NAME = Concentration;
			};
			name = Debug;
		};
		6F7EC78E227B707600A1D66F /* Release */ = {
			isa = XCBuildConfiguration;
			buildSettings = {
				ALWAYS_EMBED_SWIFT_STANDARD_LIBRARIES = YES;
				CODE_SIGN_STYLE = Automatic;
				DEVELOPMENT_TEAM = 5T9B7NGEXH;
				INFOPLIST_FILE = ConcentrationUITests/Info.plist;
				LD_RUNPATH_SEARCH_PATHS = (
					"$(inherited)",
					"@executable_path/Frameworks",
					"@loader_path/Frameworks",
				);
				PRODUCT_BUNDLE_IDENTIFIER = com.clayton.ConcentrationUITests;
				PRODUCT_NAME = "$(TARGET_NAME)";
				SWIFT_VERSION = 5.0;
				TARGETED_DEVICE_FAMILY = "1,2";
				TEST_TARGET_NAME = Concentration;
			};
			name = Release;
		};
/* End XCBuildConfiguration section */

/* Begin XCConfigurationList section */
		6F7EC759227B707500A1D66F /* Build configuration list for PBXProject "Concentration" */ = {
			isa = XCConfigurationList;
			buildConfigurations = (
				6F7EC784227B707600A1D66F /* Debug */,
				6F7EC785227B707600A1D66F /* Release */,
			);
			defaultConfigurationIsVisible = 0;
			defaultConfigurationName = Release;
		};
		6F7EC786227B707600A1D66F /* Build configuration list for PBXNativeTarget "Concentration" */ = {
			isa = XCConfigurationList;
			buildConfigurations = (
				6F7EC787227B707600A1D66F /* Debug */,
				6F7EC788227B707600A1D66F /* Release */,
			);
			defaultConfigurationIsVisible = 0;
			defaultConfigurationName = Release;
		};
		6F7EC789227B707600A1D66F /* Build configuration list for PBXNativeTarget "ConcentrationTests" */ = {
			isa = XCConfigurationList;
			buildConfigurations = (
				6F7EC78A227B707600A1D66F /* Debug */,
				6F7EC78B227B707600A1D66F /* Release */,
			);
			defaultConfigurationIsVisible = 0;
			defaultConfigurationName = Release;
		};
		6F7EC78C227B707600A1D66F /* Build configuration list for PBXNativeTarget "ConcentrationUITests" */ = {
			isa = XCConfigurationList;
			buildConfigurations = (
				6F7EC78D227B707600A1D66F /* Debug */,
				6F7EC78E227B707600A1D66F /* Release */,
			);
			defaultConfigurationIsVisible = 0;
			defaultConfigurationName = Release;
		};
/* End XCConfigurationList section */
	};
	rootObject = 6F7EC756227B707500A1D66F /* Project object */;
}
